
Microsoft Visual Studio Solution File, Format Version 12.00
# Visual Studio Version 17
VisualStudioVersion = 17.14.36705.20 d17.14
MinimumVisualStudioVersion = 10.0.40219.1
Project("{54A90642-561A-4BB1-A94E-469ADEE60C69}") = "tlernfront", "tlernFront\tlernfront.esproj", "{A9AEB8AF-56C8-8AED-2311-AF7B64F6F544}"
EndProject
Global
	GlobalSection(SolutionConfigurationPlatforms) = preSolution
		Debug|Any CPU = Debug|Any CPU
		Release|Any CPU = Release|Any CPU
	EndGlobalSection
	GlobalSection(ProjectConfigurationPlatforms) = postSolution
		{A9AEB8AF-56C8-8AED-2311-AF7B64F6F544}.Debug|Any CPU.ActiveCfg = Debug|Any CPU
		{A9AEB8AF-56C8-8AED-2311-AF7B64F6F544}.Debug|Any CPU.Build.0 = Debug|Any CPU
		{A9AEB8AF-56C8-8AED-2311-AF7B64F6F544}.Debug|Any CPU.Deploy.0 = Debug|Any CPU
		{A9AEB8AF-56C8-8AED-2311-AF7B64F6F544}.Release|Any CPU.ActiveCfg = Release|Any CPU
		{A9AEB8AF-56C8-8AED-2311-AF7B64F6F544}.Release|Any CPU.Build.0 = Release|Any CPU
		{A9AEB8AF-56C8-8AED-2311-AF7B64F6F544}.Release|Any CPU.Deploy.0 = Release|Any CPU
	EndGlobalSection
	GlobalSection(SolutionProperties) = preSolution
		HideSolutionNode = FALSE
	EndGlobalSection
	GlobalSection(ExtensibilityGlobals) = postSolution
		SolutionGuid = {A043D80B-007C-4D3B-A6F9-7F101D55683C}
	EndGlobalSection
EndGlobal
